// !$*UTF8*$!
{
	archiveVersion = 1;
	classes = {
	};
	objectVersion = 56;
	objects = {

/* Begin PBXBuildFile section */
		BC3A6A292BB08DC300F5F607 /* CounterView.swift in Sources */ = {isa = PBXBuildFile; fileRef = BC3A6A282BB08DC300F5F607 /* CounterView.swift */; };
		BC55C1802BAC48A800D877CC /* AppDelegate.swift in Sources */ = {isa = PBXBuildFile; fileRef = BC55C17F2BAC48A800D877CC /* AppDelegate.swift */; };
		BC55C1822BAC48A800D877CC /* SceneDelegate.swift in Sources */ = {isa = PBXBuildFile; fileRef = BC55C1812BAC48A800D877CC /* SceneDelegate.swift */; };
		BC55C1842BAC48A800D877CC /* ConfigureSimulationViewController.swift in Sources */ = {isa = PBXBuildFile; fileRef = BC55C1832BAC48A800D877CC /* ConfigureSimulationViewController.swift */; };
		BC55C1892BAC48AA00D877CC /* Assets.xcassets in Resources */ = {isa = PBXBuildFile; fileRef = BC55C1882BAC48AA00D877CC /* Assets.xcassets */; };
		BC55C18C2BAC48AA00D877CC /* Base in Resources */ = {isa = PBXBuildFile; fileRef = BC55C18B2BAC48AA00D877CC /* Base */; };
		BC55C1972BAD8A4200D877CC /* TextFieldView.swift in Sources */ = {isa = PBXBuildFile; fileRef = BC55C1962BAD8A4200D877CC /* TextFieldView.swift */; };
		BC55C1992BADAE2D00D877CC /* SimulatorModel.swift in Sources */ = {isa = PBXBuildFile; fileRef = BC55C1982BADAE2D00D877CC /* SimulatorModel.swift */; };
		BC55C19C2BADAE9500D877CC /* SimulationViewController.swift in Sources */ = {isa = PBXBuildFile; fileRef = BC55C19B2BADAE9500D877CC /* SimulationViewController.swift */; };
		BC55C19E2BADAEA300D877CC /* SimulationViewModel.swift in Sources */ = {isa = PBXBuildFile; fileRef = BC55C19D2BADAEA300D877CC /* SimulationViewModel.swift */; };
		BC55C1A02BADAEB600D877CC /* PersonModel.swift in Sources */ = {isa = PBXBuildFile; fileRef = BC55C19F2BADAEB600D877CC /* PersonModel.swift */; };
		BCB4AEFA2BB31CE70085688B /* PersonCollectionViewCell.swift in Sources */ = {isa = PBXBuildFile; fileRef = BCB4AEF92BB31CE70085688B /* PersonCollectionViewCell.swift */; };
/* End PBXBuildFile section */

/* Begin PBXFileReference section */
		BC3A6A282BB08DC300F5F607 /* CounterView.swift */ = {isa = PBXFileReference; lastKnownFileType = sourcecode.swift; path = CounterView.swift; sourceTree = "<group>"; };
		BC55C17C2BAC48A800D877CC /* VKPlagueSimulationTest.app */ = {isa = PBXFileReference; explicitFileType = wrapper.application; includeInIndex = 0; path = VKPlagueSimulationTest.app; sourceTree = BUILT_PRODUCTS_DIR; };
		BC55C17F2BAC48A800D877CC /* AppDelegate.swift */ = {isa = PBXFileReference; lastKnownFileType = sourcecode.swift; path = AppDelegate.swift; sourceTree = "<group>"; };
		BC55C1812BAC48A800D877CC /* SceneDelegate.swift */ = {isa = PBXFileReference; lastKnownFileType = sourcecode.swift; path = SceneDelegate.swift; sourceTree = "<group>"; };
		BC55C1832BAC48A800D877CC /* ConfigureSimulationViewController.swift */ = {isa = PBXFileReference; lastKnownFileType = sourcecode.swift; path = ConfigureSimulationViewController.swift; sourceTree = "<group>"; };
		BC55C1882BAC48AA00D877CC /* Assets.xcassets */ = {isa = PBXFileReference; lastKnownFileType = folder.assetcatalog; path = Assets.xcassets; sourceTree = "<group>"; };
		BC55C18B2BAC48AA00D877CC /* Base */ = {isa = PBXFileReference; lastKnownFileType = file.storyboard; name = Base; path = Base.lproj/LaunchScreen.storyboard; sourceTree = "<group>"; };
		BC55C18D2BAC48AA00D877CC /* Info.plist */ = {isa = PBXFileReference; lastKnownFileType = text.plist.xml; path = Info.plist; sourceTree = "<group>"; };
		BC55C1962BAD8A4200D877CC /* TextFieldView.swift */ = {isa = PBXFileReference; lastKnownFileType = sourcecode.swift; path = TextFieldView.swift; sourceTree = "<group>"; };
		BC55C1982BADAE2D00D877CC /* SimulatorModel.swift */ = {isa = PBXFileReference; lastKnownFileType = sourcecode.swift; path = SimulatorModel.swift; sourceTree = "<group>"; };
		BC55C19B2BADAE9500D877CC /* SimulationViewController.swift */ = {isa = PBXFileReference; lastKnownFileType = sourcecode.swift; path = SimulationViewController.swift; sourceTree = "<group>"; };
		BC55C19D2BADAEA300D877CC /* SimulationViewModel.swift */ = {isa = PBXFileReference; lastKnownFileType = sourcecode.swift; path = SimulationViewModel.swift; sourceTree = "<group>"; };
		BC55C19F2BADAEB600D877CC /* PersonModel.swift */ = {isa = PBXFileReference; lastKnownFileType = sourcecode.swift; path = PersonModel.swift; sourceTree = "<group>"; };
		BCB4AEF92BB31CE70085688B /* PersonCollectionViewCell.swift */ = {isa = PBXFileReference; lastKnownFileType = sourcecode.swift; path = PersonCollectionViewCell.swift; sourceTree = "<group>"; };
/* End PBXFileReference section */

/* Begin PBXFrameworksBuildPhase section */
		BC55C1792BAC48A800D877CC /* Frameworks */ = {
			isa = PBXFrameworksBuildPhase;
			buildActionMask = 2147483647;
			files = (
			);
			runOnlyForDeploymentPostprocessing = 0;
		};
/* End PBXFrameworksBuildPhase section */

/* Begin PBXGroup section */
		BC55C1732BAC48A800D877CC = {
			isa = PBXGroup;
			children = (
				BC55C17E2BAC48A800D877CC /* VKPlagueSimulationTest */,
				BC55C17D2BAC48A800D877CC /* Products */,
			);
			sourceTree = "<group>";
		};
		BC55C17D2BAC48A800D877CC /* Products */ = {
			isa = PBXGroup;
			children = (
				BC55C17C2BAC48A800D877CC /* VKPlagueSimulationTest.app */,
			);
			name = Products;
			sourceTree = "<group>";
		};
		BC55C17E2BAC48A800D877CC /* VKPlagueSimulationTest */ = {
			isa = PBXGroup;
			children = (
				BC55C19A2BADAE7A00D877CC /* SimulationModule */,
				BC55C17F2BAC48A800D877CC /* AppDelegate.swift */,
				BC55C1812BAC48A800D877CC /* SceneDelegate.swift */,
				BC55C1932BAD88EB00D877CC /* ConfigureSimulationModule */,
				BC55C1882BAC48AA00D877CC /* Assets.xcassets */,
				BC55C18A2BAC48AA00D877CC /* LaunchScreen.storyboard */,
				BC55C18D2BAC48AA00D877CC /* Info.plist */,
			);
			path = VKPlagueSimulationTest;
			sourceTree = "<group>";
		};
		BC55C1932BAD88EB00D877CC /* ConfigureSimulationModule */ = {
			isa = PBXGroup;
			children = (
				BC55C1832BAC48A800D877CC /* ConfigureSimulationViewController.swift */,
				BC55C1962BAD8A4200D877CC /* TextFieldView.swift */,
				BC55C1982BADAE2D00D877CC /* SimulatorModel.swift */,
			);
			path = ConfigureSimulationModule;
			sourceTree = "<group>";
		};
		BC55C19A2BADAE7A00D877CC /* SimulationModule */ = {
			isa = PBXGroup;
			children = (
				BC55C19B2BADAE9500D877CC /* SimulationViewController.swift */,
				BC55C19D2BADAEA300D877CC /* SimulationViewModel.swift */,
				BC55C19F2BADAEB600D877CC /* PersonModel.swift */,
				BCB4AEF92BB31CE70085688B /* PersonCollectionViewCell.swift */,
				BC3A6A282BB08DC300F5F607 /* CounterView.swift */,
			);
			path = SimulationModule;
			sourceTree = "<group>";
		};
/* End PBXGroup section */

/* Begin PBXNativeTarget section */
		BC55C17B2BAC48A800D877CC /* VKPlagueSimulationTest */ = {
			isa = PBXNativeTarget;
			buildConfigurationList = BC55C1902BAC48AA00D877CC /* Build configuration list for PBXNativeTarget "VKPlagueSimulationTest" */;
			buildPhases = (
				BC55C1782BAC48A800D877CC /* Sources */,
				BC55C1792BAC48A800D877CC /* Frameworks */,
				BC55C17A2BAC48A800D877CC /* Resources */,
			);
			buildRules = (
			);
			dependencies = (
			);
			name = VKPlagueSimulationTest;
			productName = VKPlagueSimulationTest;
			productReference = BC55C17C2BAC48A800D877CC /* VKPlagueSimulationTest.app */;
			productType = "com.apple.product-type.application";
		};
/* End PBXNativeTarget section */

/* Begin PBXProject section */
		BC55C1742BAC48A800D877CC /* Project object */ = {
			isa = PBXProject;
			attributes = {
				BuildIndependentTargetsInParallel = 1;
				LastSwiftUpdateCheck = 1530;
				LastUpgradeCheck = 1530;
				TargetAttributes = {
					BC55C17B2BAC48A800D877CC = {
						CreatedOnToolsVersion = 15.3;
					};
				};
			};
			buildConfigurationList = BC55C1772BAC48A800D877CC /* Build configuration list for PBXProject "VKPlagueSimulationTest" */;
			compatibilityVersion = "Xcode 14.0";
			developmentRegion = en;
			hasScannedForEncodings = 0;
			knownRegions = (
				en,
				Base,
			);
			mainGroup = BC55C1732BAC48A800D877CC;
			productRefGroup = BC55C17D2BAC48A800D877CC /* Products */;
			projectDirPath = "";
			projectRoot = "";
			targets = (
				BC55C17B2BAC48A800D877CC /* VKPlagueSimulationTest */,
			);
		};
/* End PBXProject section */

/* Begin PBXResourcesBuildPhase section */
		BC55C17A2BAC48A800D877CC /* Resources */ = {
			isa = PBXResourcesBuildPhase;
			buildActionMask = 2147483647;
			files = (
				BC55C1892BAC48AA00D877CC /* Assets.xcassets in Resources */,
				BC55C18C2BAC48AA00D877CC /* Base in Resources */,
			);
			runOnlyForDeploymentPostprocessing = 0;
		};
/* End PBXResourcesBuildPhase section */

/* Begin PBXSourcesBuildPhase section */
		BC55C1782BAC48A800D877CC /* Sources */ = {
			isa = PBXSourcesBuildPhase;
			buildActionMask = 2147483647;
			files = (
				BC55C1842BAC48A800D877CC /* ConfigureSimulationViewController.swift in Sources */,
				BC55C1802BAC48A800D877CC /* AppDelegate.swift in Sources */,
				BC55C1972BAD8A4200D877CC /* TextFieldView.swift in Sources */,
				BC55C19C2BADAE9500D877CC /* SimulationViewController.swift in Sources */,
				BC55C1A02BADAEB600D877CC /* PersonModel.swift in Sources */,
				BC55C1822BAC48A800D877CC /* SceneDelegate.swift in Sources */,
				BC55C19E2BADAEA300D877CC /* SimulationViewModel.swift in Sources */,
				BC55C1992BADAE2D00D877CC /* SimulatorModel.swift in Sources */,
				BC3A6A292BB08DC300F5F607 /* CounterView.swift in Sources */,
				BCB4AEFA2BB31CE70085688B /* PersonCollectionViewCell.swift in Sources */,
			);
			runOnlyForDeploymentPostprocessing = 0;
		};
/* End PBXSourcesBuildPhase section */

/* Begin PBXVariantGroup section */
		BC55C18A2BAC48AA00D877CC /* LaunchScreen.storyboard */ = {
			isa = PBXVariantGroup;
			children = (
				BC55C18B2BAC48AA00D877CC /* Base */,
			);
			name = LaunchScreen.storyboard;
			sourceTree = "<group>";
		};
/* End PBXVariantGroup section */

/* Begin XCBuildConfiguration section */
		BC55C18E2BAC48AA00D877CC /* Debug */ = {
			isa = XCBuildConfiguration;
			buildSettings = {
				ALWAYS_SEARCH_USER_PATHS = NO;
				ASSETCATALOG_COMPILER_GENERATE_SWIFT_ASSET_SYMBOL_EXTENSIONS = YES;
				CLANG_ANALYZER_NONNULL = YES;
				CLANG_ANALYZER_NUMBER_OBJECT_CONVERSION = YES_AGGRESSIVE;
				CLANG_CXX_LANGUAGE_STANDARD = "gnu++20";
				CLANG_ENABLE_MODULES = YES;
				CLANG_ENABLE_OBJC_ARC = YES;
				CLANG_ENABLE_OBJC_WEAK = YES;
				CLANG_WARN_BLOCK_CAPTURE_AUTORELEASING = YES;
				CLANG_WARN_BOOL_CONVERSION = YES;
				CLANG_WARN_COMMA = YES;
				CLANG_WARN_CONSTANT_CONVERSION = YES;
				CLANG_WARN_DEPRECATED_OBJC_IMPLEMENTATIONS = YES;
				CLANG_WARN_DIRECT_OBJC_ISA_USAGE = YES_ERROR;
				CLANG_WARN_DOCUMENTATION_COMMENTS = YES;
				CLANG_WARN_EMPTY_BODY = YES;
				CLANG_WARN_ENUM_CONVERSION = YES;
				CLANG_WARN_INFINITE_RECURSION = YES;
				CLANG_WARN_INT_CONVERSION = YES;
				CLANG_WARN_NON_LITERAL_NULL_CONVERSION = YES;
				CLANG_WARN_OBJC_IMPLICIT_RETAIN_SELF = YES;
				CLANG_WARN_OBJC_LITERAL_CONVERSION = YES;
				CLANG_WARN_OBJC_ROOT_CLASS = YES_ERROR;
				CLANG_WARN_QUOTED_INCLUDE_IN_FRAMEWORK_HEADER = YES;
				CLANG_WARN_RANGE_LOOP_ANALYSIS = YES;
				CLANG_WARN_STRICT_PROTOTYPES = YES;
				CLANG_WARN_SUSPICIOUS_MOVE = YES;
				CLANG_WARN_UNGUARDED_AVAILABILITY = YES_AGGRESSIVE;
				CLANG_WARN_UNREACHABLE_CODE = YES;
				CLANG_WARN__DUPLICATE_METHOD_MATCH = YES;
				COPY_PHASE_STRIP = NO;
				DEBUG_INFORMATION_FORMAT = dwarf;
				ENABLE_STRICT_OBJC_MSGSEND = YES;
				ENABLE_TESTABILITY = YES;
				ENABLE_USER_SCRIPT_SANDBOXING = YES;
				GCC_C_LANGUAGE_STANDARD = gnu17;
				GCC_DYNAMIC_NO_PIC = NO;
				GCC_NO_COMMON_BLOCKS = YES;
				GCC_OPTIMIZATION_LEVEL = 0;
				GCC_PREPROCESSOR_DEFINITIONS = (
					"DEBUG=1",
					"$(inherited)",
				);
				GCC_WARN_64_TO_32_BIT_CONVERSION = YES;
				GCC_WARN_ABOUT_RETURN_TYPE = YES_ERROR;
				GCC_WARN_UNDECLARED_SELECTOR = YES;
				GCC_WARN_UNINITIALIZED_AUTOS = YES_AGGRESSIVE;
				GCC_WARN_UNUSED_FUNCTION = YES;
				GCC_WARN_UNUSED_VARIABLE = YES;
				IPHONEOS_DEPLOYMENT_TARGET = 17.4;
				LOCALIZATION_PREFERS_STRING_CATALOGS = YES;
				MTL_ENABLE_DEBUG_INFO = INCLUDE_SOURCE;
				MTL_FAST_MATH = YES;
				ONLY_ACTIVE_ARCH = YES;
				SDKROOT = iphoneos;
				SWIFT_ACTIVE_COMPILATION_CONDITIONS = "DEBUG $(inherited)";
				SWIFT_OPTIMIZATION_LEVEL = "-Onone";
			};
			name = Debug;
		};
		BC55C18F2BAC48AA00D877CC /* Release */ = {
			isa = XCBuildConfiguration;
			buildSettings = {
				ALWAYS_SEARCH_USER_PATHS = NO;
				ASSETCATALOG_COMPILER_GENERATE_SWIFT_ASSET_SYMBOL_EXTENSIONS = YES;
				CLANG_ANALYZER_NONNULL = YES;
				CLANG_ANALYZER_NUMBER_OBJECT_CONVERSION = YES_AGGRESSIVE;
				CLANG_CXX_LANGUAGE_STANDARD = "gnu++20";
				CLANG_ENABLE_MODULES = YES;
				CLANG_ENABLE_OBJC_ARC = YES;
				CLANG_ENABLE_OBJC_WEAK = YES;
				CLANG_WARN_BLOCK_CAPTURE_AUTORELEASING = YES;
				CLANG_WARN_BOOL_CONVERSION = YES;
				CLANG_WARN_COMMA = YES;
				CLANG_WARN_CONSTANT_CONVERSION = YES;
				CLANG_WARN_DEPRECATED_OBJC_IMPLEMENTATIONS = YES;
				CLANG_WARN_DIRECT_OBJC_ISA_USAGE = YES_ERROR;
				CLANG_WARN_DOCUMENTATION_COMMENTS = YES;
				CLANG_WARN_EMPTY_BODY = YES;
				CLANG_WARN_ENUM_CONVERSION = YES;
				CLANG_WARN_INFINITE_RECURSION = YES;
				CLANG_WARN_INT_CONVERSION = YES;
				CLANG_WARN_NON_LITERAL_NULL_CONVERSION = YES;
				CLANG_WARN_OBJC_IMPLICIT_RETAIN_SELF = YES;
				CLANG_WARN_OBJC_LITERAL_CONVERSION = YES;
				CLANG_WARN_OBJC_ROOT_CLASS = YES_ERROR;
				CLANG_WARN_QUOTED_INCLUDE_IN_FRAMEWORK_HEADER = YES;
				CLANG_WARN_RANGE_LOOP_ANALYSIS = YES;
				CLANG_WARN_STRICT_PROTOTYPES = YES;
				CLANG_WARN_SUSPICIOUS_MOVE = YES;
				CLANG_WARN_UNGUARDED_AVAILABILITY = YES_AGGRESSIVE;
				CLANG_WARN_UNREACHABLE_CODE = YES;
				CLANG_WARN__DUPLICATE_METHOD_MATCH = YES;
				COPY_PHASE_STRIP = NO;
				DEBUG_INFORMATION_FORMAT = "dwarf-with-dsym";
				ENABLE_NS_ASSERTIONS = NO;
				ENABLE_STRICT_OBJC_MSGSEND = YES;
				ENABLE_USER_SCRIPT_SANDBOXING = YES;
				GCC_C_LANGUAGE_STANDARD = gnu17;
				GCC_NO_COMMON_BLOCKS = YES;
				GCC_WARN_64_TO_32_BIT_CONVERSION = YES;
				GCC_WARN_ABOUT_RETURN_TYPE = YES_ERROR;
				GCC_WARN_UNDECLARED_SELECTOR = YES;
				GCC_WARN_UNINITIALIZED_AUTOS = YES_AGGRESSIVE;
				GCC_WARN_UNUSED_FUNCTION = YES;
				GCC_WARN_UNUSED_VARIABLE = YES;
				IPHONEOS_DEPLOYMENT_TARGET = 17.4;
				LOCALIZATION_PREFERS_STRING_CATALOGS = YES;
				MTL_ENABLE_DEBUG_INFO = NO;
				MTL_FAST_MATH = YES;
				SDKROOT = iphoneos;
				SWIFT_COMPILATION_MODE = wholemodule;
				VALIDATE_PRODUCT = YES;
			};
			name = Release;
		};
		BC55C1912BAC48AA00D877CC /* Debug */ = {
			isa = XCBuildConfiguration;
			buildSettings = {
				ASSETCATALOG_COMPILER_APPICON_NAME = AppIcon;
				ASSETCATALOG_COMPILER_GLOBAL_ACCENT_COLOR_NAME = AccentColor;
				CODE_SIGN_STYLE = Automatic;
				CURRENT_PROJECT_VERSION = 1;
				DEVELOPMENT_TEAM = NZF7D66GZB;
				GENERATE_INFOPLIST_FILE = YES;
				INFOPLIST_FILE = VKPlagueSimulationTest/Info.plist;
				INFOPLIST_KEY_UIApplicationSupportsIndirectInputEvents = YES;
				INFOPLIST_KEY_UILaunchStoryboardName = LaunchScreen;
				INFOPLIST_KEY_UISupportedInterfaceOrientations_iPad = "UIInterfaceOrientationPortrait UIInterfaceOrientationPortraitUpsideDown UIInterfaceOrientationLandscapeLeft UIInterfaceOrientationLandscapeRight";
				INFOPLIST_KEY_UISupportedInterfaceOrientations_iPhone = "UIInterfaceOrientationPortrait UIInterfaceOrientationLandscapeLeft UIInterfaceOrientationLandscapeRight";
				LD_RUNPATH_SEARCH_PATHS = (
					"$(inherited)",
					"@executable_path/Frameworks",
				);
				MARKETING_VERSION = 1.0;
				PRODUCT_BUNDLE_IDENTIFIER = "-.VKPlagueSimulationTest";
				PRODUCT_NAME = "$(TARGET_NAME)";
				SWIFT_EMIT_LOC_STRINGS = YES;
				SWIFT_VERSION = 5.0;
				TARGETED_DEVICE_FAMILY = "1,2";
			};
			name = Debug;
		};
		BC55C1922BAC48AA00D877CC /* Release */ = {
			isa = XCBuildConfiguration;
			buildSettings = {
				ASSETCATALOG_COMPILER_APPICON_NAME = AppIcon;
				ASSETCATALOG_COMPILER_GLOBAL_ACCENT_COLOR_NAME = AccentColor;
				CODE_SIGN_STYLE = Automatic;
				CURRENT_PROJECT_VERSION = 1;
				DEVELOPMENT_TEAM = NZF7D66GZB;
				GENERATE_INFOPLIST_FILE = YES;
				INFOPLIST_FILE = VKPlagueSimulationTest/Info.plist;
				INFOPLIST_KEY_UIApplicationSupportsIndirectInputEvents = YES;
				INFOPLIST_KEY_UILaunchStoryboardName = LaunchScreen;
				INFOPLIST_KEY_UISupportedInterfaceOrientations_iPad = "UIInterfaceOrientationPortrait UIInterfaceOrientationPortraitUpsideDown UIInterfaceOrientationLandscapeLeft UIInterfaceOrientationLandscapeRight";
				INFOPLIST_KEY_UISupportedInterfaceOrientations_iPhone = "UIInterfaceOrientationPortrait UIInterfaceOrientationLandscapeLeft UIInterfaceOrientationLandscapeRight";
				LD_RUNPATH_SEARCH_PATHS = (
					"$(inherited)",
					"@executable_path/Frameworks",
				);
				MARKETING_VERSION = 1.0;
				PRODUCT_BUNDLE_IDENTIFIER = "-.VKPlagueSimulationTest";
				PRODUCT_NAME = "$(TARGET_NAME)";
				SWIFT_EMIT_LOC_STRINGS = YES;
				SWIFT_VERSION = 5.0;
				TARGETED_DEVICE_FAMILY = "1,2";
			};
			name = Release;
		};
/* End XCBuildConfiguration section */

/* Begin XCConfigurationList section */
		BC55C1772BAC48A800D877CC /* Build configuration list for PBXProject "VKPlagueSimulationTest" */ = {
			isa = XCConfigurationList;
			buildConfigurations = (
				BC55C18E2BAC48AA00D877CC /* Debug */,
				BC55C18F2BAC48AA00D877CC /* Release */,
			);
			defaultConfigurationIsVisible = 0;
			defaultConfigurationName = Release;
		};
		BC55C1902BAC48AA00D877CC /* Build configuration list for PBXNativeTarget "VKPlagueSimulationTest" */ = {
			isa = XCConfigurationList;
			buildConfigurations = (
				BC55C1912BAC48AA00D877CC /* Debug */,
				BC55C1922BAC48AA00D877CC /* Release */,
			);
			defaultConfigurationIsVisible = 0;
			defaultConfigurationName = Release;
		};
/* End XCConfigurationList section */
	};
	rootObject = BC55C1742BAC48A800D877CC /* Project object */;
}
